
Microsoft Visual Studio Solution File, Format Version 12.00
# Visual Studio Version 17
VisualStudioVersion = 17.5.33424.131
MinimumVisualStudioVersion = 10.0.40219.1
Project("{FAE04EC0-301F-11D3-BF4B-00C04F79EFBC}") = "DapperPattern.Infra", "DapperPattern.Infra\DapperPattern.Infra.csproj", "{FADBE7EB-5DD1-458C-BA1B-116F9CA68E08}"
EndProject
Project("{FAE04EC0-301F-11D3-BF4B-00C04F79EFBC}") = "DappePattern.Console", "DappePattern.Console\DappePattern.Console.csproj", "{8B487EB9-57FB-4321-A6F6-C7ABAC3DE44A}"
EndProject
Global
	GlobalSection(SolutionConfigurationPlatforms) = preSolution
		Debug|Any CPU = Debug|Any CPU
		Release|Any CPU = Release|Any CPU
	EndGlobalSection
	GlobalSection(ProjectConfigurationPlatforms) = postSolution
		{FADBE7EB-5DD1-458C-BA1B-116F9CA68E08}.Debug|Any CPU.ActiveCfg = Debug|Any CPU
		{FADBE7EB-5DD1-458C-BA1B-116F9CA68E08}.Debug|Any CPU.Build.0 = Debug|Any CPU
		{FADBE7EB-5DD1-458C-BA1B-116F9CA68E08}.Release|Any CPU.ActiveCfg = Release|Any CPU
		{FADBE7EB-5DD1-458C-BA1B-116F9CA68E08}.Release|Any CPU.Build.0 = Release|Any CPU
		{8B487EB9-57FB-4321-A6F6-C7ABAC3DE44A}.Debug|Any CPU.ActiveCfg = Debug|Any CPU
		{8B487EB9-57FB-4321-A6F6-C7ABAC3DE44A}.Debug|Any CPU.Build.0 = Debug|Any CPU
		{8B487EB9-57FB-4321-A6F6-C7ABAC3DE44A}.Release|Any CPU.ActiveCfg = Release|Any CPU
		{8B487EB9-57FB-4321-A6F6-C7ABAC3DE44A}.Release|Any CPU.Build.0 = Release|Any CPU
	EndGlobalSection
	GlobalSection(SolutionProperties) = preSolution
		HideSolutionNode = FALSE
	EndGlobalSection
	GlobalSection(ExtensibilityGlobals) = postSolution
		SolutionGuid = {A86B150B-B7C6-48EB-94D7-B31EAF0303F9}
	EndGlobalSection
EndGlobal
